
Microsoft Visual Studio Solution File, Format Version 12.00
# Visual Studio Version 16
VisualStudioVersion = 16.0.30011.22
MinimumVisualStudioVersion = 10.0.40219.1
Project("{8BC9CEB8-8B4A-11D0-8D11-00A0C91BC942}") = "덱큐", "덱큐.vcxproj", "{28F511B5-6B61-4224-93B9-2EA9AAB81828}"
EndProject
Global
	GlobalSection(SolutionConfigurationPlatforms) = preSolution
		Debug|x64 = Debug|x64
		Debug|x86 = Debug|x86
		Release|x64 = Release|x64
		Release|x86 = Release|x86
	EndGlobalSection
	GlobalSection(ProjectConfigurationPlatforms) = postSolution
		{28F511B5-6B61-4224-93B9-2EA9AAB81828}.Debug|x64.ActiveCfg = Debug|x64
		{28F511B5-6B61-4224-93B9-2EA9AAB81828}.Debug|x64.Build.0 = Debug|x64
		{28F511B5-6B61-4224-93B9-2EA9AAB81828}.Debug|x86.ActiveCfg = Debug|Win32
		{28F511B5-6B61-4224-93B9-2EA9AAB81828}.Debug|x86.Build.0 = Debug|Win32
		{28F511B5-6B61-4224-93B9-2EA9AAB81828}.Release|x64.ActiveCfg = Release|x64
		{28F511B5-6B61-4224-93B9-2EA9AAB81828}.Release|x64.Build.0 = Release|x64
		{28F511B5-6B61-4224-93B9-2EA9AAB81828}.Release|x86.ActiveCfg = Release|Win32
		{28F511B5-6B61-4224-93B9-2EA9AAB81828}.Release|x86.Build.0 = Release|Win32
	EndGlobalSection
	GlobalSection(SolutionProperties) = preSolution
		HideSolutionNode = FALSE
	EndGlobalSection
	GlobalSection(ExtensibilityGlobals) = postSolution
		SolutionGuid = {D863FA36-1E63-4B97-945E-99A5D46F756B}
	EndGlobalSection
EndGlobal
