
Microsoft Visual Studio Solution File, Format Version 12.00
# Visual Studio Version 16
VisualStudioVersion = 16.0.30114.105
MinimumVisualStudioVersion = 10.0.40219.1
Project("{8BC9CEB8-8B4A-11D0-8D11-00A0C91BC942}") = "12-1", "12-1\12-1.vcxproj", "{290C91AA-934F-4855-AE10-4AE2D1959BEF}"
EndProject
Project("{8BC9CEB8-8B4A-11D0-8D11-00A0C91BC942}") = "12-2", "12-2\12-2.vcxproj", "{BEDBE61C-3050-41C0-AF21-8D42D3FE7A7F}"
EndProject
Project("{8BC9CEB8-8B4A-11D0-8D11-00A0C91BC942}") = "12-3", "12-3\12-3.vcxproj", "{E5536215-A0D6-4B95-B422-9CA5911A1283}"
EndProject
Project("{8BC9CEB8-8B4A-11D0-8D11-00A0C91BC942}") = "12-4", "12-4\12-4.vcxproj", "{28A24A77-3B5D-43A4-8E60-7F47DB765357}"
EndProject
Project("{8BC9CEB8-8B4A-11D0-8D11-00A0C91BC942}") = "12-5", "12-5\12-5.vcxproj", "{4C7C971F-A4D6-435F-A8B2-A4502BC5A7D4}"
EndProject
Project("{8BC9CEB8-8B4A-11D0-8D11-00A0C91BC942}") = "12-6", "12-6\12-6.vcxproj", "{CB0856A1-9A36-43EE-A27B-987D2D33B035}"
EndProject
Project("{8BC9CEB8-8B4A-11D0-8D11-00A0C91BC942}") = "12-7", "12-7\12-7.vcxproj", "{D12B65CC-FAD5-4EDD-8E7C-4C83468BA79B}"
EndProject
Project("{8BC9CEB8-8B4A-11D0-8D11-00A0C91BC942}") = "12-8", "12-8\12-8.vcxproj", "{7ADB08C8-08FA-42B6-AD1D-47F908A0A51A}"
EndProject
Project("{8BC9CEB8-8B4A-11D0-8D11-00A0C91BC942}") = "12-9", "12-9\12-9.vcxproj", "{E11CD73D-4283-4CD5-8FB0-C84BBF580A5A}"
EndProject
Project("{8BC9CEB8-8B4A-11D0-8D11-00A0C91BC942}") = "12-10", "12-10\12-10.vcxproj", "{103A9E67-7442-47DC-9C22-ED54CCFCE0A3}"
EndProject
Global
	GlobalSection(SolutionConfigurationPlatforms) = preSolution
		Debug|x64 = Debug|x64
		Debug|x86 = Debug|x86
		Release|x64 = Release|x64
		Release|x86 = Release|x86
	EndGlobalSection
	GlobalSection(ProjectConfigurationPlatforms) = postSolution
		{290C91AA-934F-4855-AE10-4AE2D1959BEF}.Debug|x64.ActiveCfg = Debug|x64
		{290C91AA-934F-4855-AE10-4AE2D1959BEF}.Debug|x64.Build.0 = Debug|x64
		{290C91AA-934F-4855-AE10-4AE2D1959BEF}.Debug|x86.ActiveCfg = Debug|Win32
		{290C91AA-934F-4855-AE10-4AE2D1959BEF}.Debug|x86.Build.0 = Debug|Win32
		{290C91AA-934F-4855-AE10-4AE2D1959BEF}.Release|x64.ActiveCfg = Release|x64
		{290C91AA-934F-4855-AE10-4AE2D1959BEF}.Release|x64.Build.0 = Release|x64
		{290C91AA-934F-4855-AE10-4AE2D1959BEF}.Release|x86.ActiveCfg = Release|Win32
		{290C91AA-934F-4855-AE10-4AE2D1959BEF}.Release|x86.Build.0 = Release|Win32
		{BEDBE61C-3050-41C0-AF21-8D42D3FE7A7F}.Debug|x64.ActiveCfg = Debug|x64
		{BEDBE61C-3050-41C0-AF21-8D42D3FE7A7F}.Debug|x64.Build.0 = Debug|x64
		{BEDBE61C-3050-41C0-AF21-8D42D3FE7A7F}.Debug|x86.ActiveCfg = Debug|Win32
		{BEDBE61C-3050-41C0-AF21-8D42D3FE7A7F}.Debug|x86.Build.0 = Debug|Win32
		{BEDBE61C-3050-41C0-AF21-8D42D3FE7A7F}.Release|x64.ActiveCfg = Release|x64
		{BEDBE61C-3050-41C0-AF21-8D42D3FE7A7F}.Release|x64.Build.0 = Release|x64
		{BEDBE61C-3050-41C0-AF21-8D42D3FE7A7F}.Release|x86.ActiveCfg = Release|Win32
		{BEDBE61C-3050-41C0-AF21-8D42D3FE7A7F}.Release|x86.Build.0 = Release|Win32
		{E5536215-A0D6-4B95-B422-9CA5911A1283}.Debug|x64.ActiveCfg = Debug|x64
		{E5536215-A0D6-4B95-B422-9CA5911A1283}.Debug|x64.Build.0 = Debug|x64
		{E5536215-A0D6-4B95-B422-9CA5911A1283}.Debug|x86.ActiveCfg = Debug|Win32
		{E5536215-A0D6-4B95-B422-9CA5911A1283}.Debug|x86.Build.0 = Debug|Win32
		{E5536215-A0D6-4B95-B422-9CA5911A1283}.Release|x64.ActiveCfg = Release|x64
		{E5536215-A0D6-4B95-B422-9CA5911A1283}.Release|x64.Build.0 = Release|x64
		{E5536215-A0D6-4B95-B422-9CA5911A1283}.Release|x86.ActiveCfg = Release|Win32
		{E5536215-A0D6-4B95-B422-9CA5911A1283}.Release|x86.Build.0 = Release|Win32
		{28A24A77-3B5D-43A4-8E60-7F47DB765357}.Debug|x64.ActiveCfg = Debug|x64
		{28A24A77-3B5D-43A4-8E60-7F47DB765357}.Debug|x64.Build.0 = Debug|x64
		{28A24A77-3B5D-43A4-8E60-7F47DB765357}.Debug|x86.ActiveCfg = Debug|Win32
		{28A24A77-3B5D-43A4-8E60-7F47DB765357}.Debug|x86.Build.0 = Debug|Win32
		{28A24A77-3B5D-43A4-8E60-7F47DB765357}.Release|x64.ActiveCfg = Release|x64
		{28A24A77-3B5D-43A4-8E60-7F47DB765357}.Release|x64.Build.0 = Release|x64
		{28A24A77-3B5D-43A4-8E60-7F47DB765357}.Release|x86.ActiveCfg = Release|Win32
		{28A24A77-3B5D-43A4-8E60-7F47DB765357}.Release|x86.Build.0 = Release|Win32
		{4C7C971F-A4D6-435F-A8B2-A4502BC5A7D4}.Debug|x64.ActiveCfg = Debug|x64
		{4C7C971F-A4D6-435F-A8B2-A4502BC5A7D4}.Debug|x64.Build.0 = Debug|x64
		{4C7C971F-A4D6-435F-A8B2-A4502BC5A7D4}.Debug|x86.ActiveCfg = Debug|Win32
		{4C7C971F-A4D6-435F-A8B2-A4502BC5A7D4}.Debug|x86.Build.0 = Debug|Win32
		{4C7C971F-A4D6-435F-A8B2-A4502BC5A7D4}.Release|x64.ActiveCfg = Release|x64
		{4C7C971F-A4D6-435F-A8B2-A4502BC5A7D4}.Release|x64.Build.0 = Release|x64
		{4C7C971F-A4D6-435F-A8B2-A4502BC5A7D4}.Release|x86.ActiveCfg = Release|Win32
		{4C7C971F-A4D6-435F-A8B2-A4502BC5A7D4}.Release|x86.Build.0 = Release|Win32
		{CB0856A1-9A36-43EE-A27B-987D2D33B035}.Debug|x64.ActiveCfg = Debug|x64
		{CB0856A1-9A36-43EE-A27B-987D2D33B035}.Debug|x64.Build.0 = Debug|x64
		{CB0856A1-9A36-43EE-A27B-987D2D33B035}.Debug|x86.ActiveCfg = Debug|Win32
		{CB0856A1-9A36-43EE-A27B-987D2D33B035}.Debug|x86.Build.0 = Debug|Win32
		{CB0856A1-9A36-43EE-A27B-987D2D33B035}.Release|x64.ActiveCfg = Release|x64
		{CB0856A1-9A36-43EE-A27B-987D2D33B035}.Release|x64.Build.0 = Release|x64
		{CB0856A1-9A36-43EE-A27B-987D2D33B035}.Release|x86.ActiveCfg = Release|Win32
		{CB0856A1-9A36-43EE-A27B-987D2D33B035}.Release|x86.Build.0 = Release|Win32
		{D12B65CC-FAD5-4EDD-8E7C-4C83468BA79B}.Debug|x64.ActiveCfg = Debug|x64
		{D12B65CC-FAD5-4EDD-8E7C-4C83468BA79B}.Debug|x64.Build.0 = Debug|x64
		{D12B65CC-FAD5-4EDD-8E7C-4C83468BA79B}.Debug|x86.ActiveCfg = Debug|Win32
		{D12B65CC-FAD5-4EDD-8E7C-4C83468BA79B}.Debug|x86.Build.0 = Debug|Win32
		{D12B65CC-FAD5-4EDD-8E7C-4C83468BA79B}.Release|x64.ActiveCfg = Release|x64
		{D12B65CC-FAD5-4EDD-8E7C-4C83468BA79B}.Release|x64.Build.0 = Release|x64
		{D12B65CC-FAD5-4EDD-8E7C-4C83468BA79B}.Release|x86.ActiveCfg = Release|Win32
		{D12B65CC-FAD5-4EDD-8E7C-4C83468BA79B}.Release|x86.Build.0 = Release|Win32
		{7ADB08C8-08FA-42B6-AD1D-47F908A0A51A}.Debug|x64.ActiveCfg = Debug|x64
		{7ADB08C8-08FA-42B6-AD1D-47F908A0A51A}.Debug|x64.Build.0 = Debug|x64
		{7ADB08C8-08FA-42B6-AD1D-47F908A0A51A}.Debug|x86.ActiveCfg = Debug|Win32
		{7ADB08C8-08FA-42B6-AD1D-47F908A0A51A}.Debug|x86.Build.0 = Debug|Win32
		{7ADB08C8-08FA-42B6-AD1D-47F908A0A51A}.Release|x64.ActiveCfg = Release|x64
		{7ADB08C8-08FA-42B6-AD1D-47F908A0A51A}.Release|x64.Build.0 = Release|x64
		{7ADB08C8-08FA-42B6-AD1D-47F908A0A51A}.Release|x86.ActiveCfg = Release|Win32
		{7ADB08C8-08FA-42B6-AD1D-47F908A0A51A}.Release|x86.Build.0 = Release|Win32
		{E11CD73D-4283-4CD5-8FB0-C84BBF580A5A}.Debug|x64.ActiveCfg = Debug|x64
		{E11CD73D-4283-4CD5-8FB0-C84BBF580A5A}.Debug|x64.Build.0 = Debug|x64
		{E11CD73D-4283-4CD5-8FB0-C84BBF580A5A}.Debug|x86.ActiveCfg = Debug|Win32
		{E11CD73D-4283-4CD5-8FB0-C84BBF580A5A}.Debug|x86.Build.0 = Debug|Win32
		{E11CD73D-4283-4CD5-8FB0-C84BBF580A5A}.Release|x64.ActiveCfg = Release|x64
		{E11CD73D-4283-4CD5-8FB0-C84BBF580A5A}.Release|x64.Build.0 = Release|x64
		{E11CD73D-4283-4CD5-8FB0-C84BBF580A5A}.Release|x86.ActiveCfg = Release|Win32
		{E11CD73D-4283-4CD5-8FB0-C84BBF580A5A}.Release|x86.Build.0 = Release|Win32
		{103A9E67-7442-47DC-9C22-ED54CCFCE0A3}.Debug|x64.ActiveCfg = Debug|x64
		{103A9E67-7442-47DC-9C22-ED54CCFCE0A3}.Debug|x64.Build.0 = Debug|x64
		{103A9E67-7442-47DC-9C22-ED54CCFCE0A3}.Debug|x86.ActiveCfg = Debug|Win32
		{103A9E67-7442-47DC-9C22-ED54CCFCE0A3}.Debug|x86.Build.0 = Debug|Win32
		{103A9E67-7442-47DC-9C22-ED54CCFCE0A3}.Release|x64.ActiveCfg = Release|x64
		{103A9E67-7442-47DC-9C22-ED54CCFCE0A3}.Release|x64.Build.0 = Release|x64
		{103A9E67-7442-47DC-9C22-ED54CCFCE0A3}.Release|x86.ActiveCfg = Release|Win32
		{103A9E67-7442-47DC-9C22-ED54CCFCE0A3}.Release|x86.Build.0 = Release|Win32
	EndGlobalSection
	GlobalSection(SolutionProperties) = preSolution
		HideSolutionNode = FALSE
	EndGlobalSection
	GlobalSection(ExtensibilityGlobals) = postSolution
		SolutionGuid = {4F878BE1-B245-459B-A78B-55F56EA33343}
	EndGlobalSection
EndGlobal
